
Microsoft Visual Studio Solution File, Format Version 12.00
# Visual Studio Version 17
VisualStudioVersion = 17.12.35527.113
MinimumVisualStudioVersion = 10.0.40219.1
Project("{FAE04EC0-301F-11D3-BF4B-00C04F79EFBC}") = "University_Management_System.API", "University_Management_System.API\University_Management_System.API.csproj", "{BF301F98-0F7C-4710-8613-074E08725AEC}"
EndProject
Project("{2150E333-8FDC-42A3-9474-1A3956D46DE8}") = "University_Management_System.Infrastructure", "University_Management_System.Infrastructure", "{8AF67779-7343-4C74-8A33-1A38C736C9D4}"
EndProject
Project("{FAE04EC0-301F-11D3-BF4B-00C04F79EFBC}") = "Presistence", "University_Management_System.Infrastructure\Presistence\Presistence.csproj", "{39CA353A-58C5-4BEE-93E2-6E29DF71AF83}"
EndProject
Project("{FAE04EC0-301F-11D3-BF4B-00C04F79EFBC}") = "University_Management_System.Shared", "University_Management_System.Shared\University_Management_System.Shared.csproj", "{EF81D993-9D3D-467D-AB95-A79E5CC5498C}"
EndProject
Project("{FAE04EC0-301F-11D3-BF4B-00C04F79EFBC}") = "Presentation", "University_Management_System.Infrastructure\Presentation\Presentation.csproj", "{62B43809-B86D-411A-8AB2-774E5E92EB83}"
EndProject
Project("{FAE04EC0-301F-11D3-BF4B-00C04F79EFBC}") = "University_Management_System.Application", "University_Management_System.Application\University_Management_System.Application.csproj", "{3955FA22-04C9-4551-86D5-0624B4C50CC6}"
EndProject
Project("{FAE04EC0-301F-11D3-BF4B-00C04F79EFBC}") = "University_Management_System.Domain", "University_Management_System.Domain\University_Management_System.Domain.csproj", "{8CEC2823-2F99-4482-BDD3-35BF9848BA46}"
EndProject
Global
	GlobalSection(SolutionConfigurationPlatforms) = preSolution
		Debug|Any CPU = Debug|Any CPU
		Release|Any CPU = Release|Any CPU
	EndGlobalSection
	GlobalSection(ProjectConfigurationPlatforms) = postSolution
		{BF301F98-0F7C-4710-8613-074E08725AEC}.Debug|Any CPU.ActiveCfg = Debug|Any CPU
		{BF301F98-0F7C-4710-8613-074E08725AEC}.Debug|Any CPU.Build.0 = Debug|Any CPU
		{BF301F98-0F7C-4710-8613-074E08725AEC}.Release|Any CPU.ActiveCfg = Release|Any CPU
		{BF301F98-0F7C-4710-8613-074E08725AEC}.Release|Any CPU.Build.0 = Release|Any CPU
		{39CA353A-58C5-4BEE-93E2-6E29DF71AF83}.Debug|Any CPU.ActiveCfg = Debug|Any CPU
		{39CA353A-58C5-4BEE-93E2-6E29DF71AF83}.Debug|Any CPU.Build.0 = Debug|Any CPU
		{39CA353A-58C5-4BEE-93E2-6E29DF71AF83}.Release|Any CPU.ActiveCfg = Release|Any CPU
		{39CA353A-58C5-4BEE-93E2-6E29DF71AF83}.Release|Any CPU.Build.0 = Release|Any CPU
		{EF81D993-9D3D-467D-AB95-A79E5CC5498C}.Debug|Any CPU.ActiveCfg = Debug|Any CPU
		{EF81D993-9D3D-467D-AB95-A79E5CC5498C}.Debug|Any CPU.Build.0 = Debug|Any CPU
		{EF81D993-9D3D-467D-AB95-A79E5CC5498C}.Release|Any CPU.ActiveCfg = Release|Any CPU
		{EF81D993-9D3D-467D-AB95-A79E5CC5498C}.Release|Any CPU.Build.0 = Release|Any CPU
		{62B43809-B86D-411A-8AB2-774E5E92EB83}.Debug|Any CPU.ActiveCfg = Debug|Any CPU
		{62B43809-B86D-411A-8AB2-774E5E92EB83}.Debug|Any CPU.Build.0 = Debug|Any CPU
		{62B43809-B86D-411A-8AB2-774E5E92EB83}.Release|Any CPU.ActiveCfg = Release|Any CPU
		{62B43809-B86D-411A-8AB2-774E5E92EB83}.Release|Any CPU.Build.0 = Release|Any CPU
		{3955FA22-04C9-4551-86D5-0624B4C50CC6}.Debug|Any CPU.ActiveCfg = Debug|Any CPU
		{3955FA22-04C9-4551-86D5-0624B4C50CC6}.Debug|Any CPU.Build.0 = Debug|Any CPU
		{3955FA22-04C9-4551-86D5-0624B4C50CC6}.Release|Any CPU.ActiveCfg = Release|Any CPU
		{3955FA22-04C9-4551-86D5-0624B4C50CC6}.Release|Any CPU.Build.0 = Release|Any CPU
		{8CEC2823-2F99-4482-BDD3-35BF9848BA46}.Debug|Any CPU.ActiveCfg = Debug|Any CPU
		{8CEC2823-2F99-4482-BDD3-35BF9848BA46}.Debug|Any CPU.Build.0 = Debug|Any CPU
		{8CEC2823-2F99-4482-BDD3-35BF9848BA46}.Release|Any CPU.ActiveCfg = Release|Any CPU
		{8CEC2823-2F99-4482-BDD3-35BF9848BA46}.Release|Any CPU.Build.0 = Release|Any CPU
	EndGlobalSection
	GlobalSection(SolutionProperties) = preSolution
		HideSolutionNode = FALSE
	EndGlobalSection
	GlobalSection(NestedProjects) = preSolution
		{39CA353A-58C5-4BEE-93E2-6E29DF71AF83} = {8AF67779-7343-4C74-8A33-1A38C736C9D4}
		{62B43809-B86D-411A-8AB2-774E5E92EB83} = {8AF67779-7343-4C74-8A33-1A38C736C9D4}
	EndGlobalSection
EndGlobal
